
Microsoft Visual Studio Solution File, Format Version 12.00
# Visual Studio Version 17
VisualStudioVersion = 17.0.31903.59
MinimumVisualStudioVersion = 10.0.40219.1
Project("{2150E333-8FDC-42A3-9474-1A3956D46DE8}") = "sources", "sources", "{83BEDE3B-F671-4F6E-8C1D-E93E6A2F00B5}"
EndProject
Project("{FAE04EC0-301F-11D3-BF4B-00C04F79EFBC}") = "FinanceBankSys.Server", "source\FinanceBankSys\FinanceBankSys.Server\FinanceBankSys.Server.csproj", "{BFF8E98D-EA5A-441F-8C49-43517BFD0D01}"
EndProject
Project("{FAE04EC0-301F-11D3-BF4B-00C04F79EFBC}") = "FinanceBankSys.Core", "source\FinanceBankSys\FinanceBankSys.Core\FinanceBankSys.Core.csproj", "{4D0C3376-BA78-441B-B542-157EC44AB276}"
EndProject
Project("{54A90642-561A-4BB1-A94E-469ADEE60C69}") = "FinanceBankSys.client", "source\FinanceBankSys\FinanceBankSys.client\FinanceBankSys.client.esproj", "{EE1A7412-BEF1-45A1-AAC3-693EB33677AA}"
EndProject
Global
	GlobalSection(SolutionConfigurationPlatforms) = preSolution
		Debug|Any CPU = Debug|Any CPU
		Release|Any CPU = Release|Any CPU
	EndGlobalSection
	GlobalSection(ProjectConfigurationPlatforms) = postSolution
		{BFF8E98D-EA5A-441F-8C49-43517BFD0D01}.Debug|Any CPU.ActiveCfg = Debug|Any CPU
		{BFF8E98D-EA5A-441F-8C49-43517BFD0D01}.Debug|Any CPU.Build.0 = Debug|Any CPU
		{BFF8E98D-EA5A-441F-8C49-43517BFD0D01}.Release|Any CPU.ActiveCfg = Release|Any CPU
		{BFF8E98D-EA5A-441F-8C49-43517BFD0D01}.Release|Any CPU.Build.0 = Release|Any CPU
		{4D0C3376-BA78-441B-B542-157EC44AB276}.Debug|Any CPU.ActiveCfg = Debug|Any CPU
		{4D0C3376-BA78-441B-B542-157EC44AB276}.Debug|Any CPU.Build.0 = Debug|Any CPU
		{4D0C3376-BA78-441B-B542-157EC44AB276}.Release|Any CPU.ActiveCfg = Release|Any CPU
		{4D0C3376-BA78-441B-B542-157EC44AB276}.Release|Any CPU.Build.0 = Release|Any CPU
		{EE1A7412-BEF1-45A1-AAC3-693EB33677AA}.Debug|Any CPU.ActiveCfg = Debug|Any CPU
		{EE1A7412-BEF1-45A1-AAC3-693EB33677AA}.Debug|Any CPU.Build.0 = Debug|Any CPU
		{EE1A7412-BEF1-45A1-AAC3-693EB33677AA}.Debug|Any CPU.Deploy.0 = Debug|Any CPU
		{EE1A7412-BEF1-45A1-AAC3-693EB33677AA}.Release|Any CPU.ActiveCfg = Release|Any CPU
		{EE1A7412-BEF1-45A1-AAC3-693EB33677AA}.Release|Any CPU.Build.0 = Release|Any CPU
		{EE1A7412-BEF1-45A1-AAC3-693EB33677AA}.Release|Any CPU.Deploy.0 = Release|Any CPU
	EndGlobalSection
	GlobalSection(SolutionProperties) = preSolution
		HideSolutionNode = FALSE
	EndGlobalSection
	GlobalSection(NestedProjects) = preSolution
		{BFF8E98D-EA5A-441F-8C49-43517BFD0D01} = {83BEDE3B-F671-4F6E-8C1D-E93E6A2F00B5}
		{4D0C3376-BA78-441B-B542-157EC44AB276} = {83BEDE3B-F671-4F6E-8C1D-E93E6A2F00B5}
		{EE1A7412-BEF1-45A1-AAC3-693EB33677AA} = {83BEDE3B-F671-4F6E-8C1D-E93E6A2F00B5}
	EndGlobalSection
	GlobalSection(ExtensibilityGlobals) = postSolution
		SolutionGuid = {3B4AAE4A-9B1F-477E-B2FC-60A95C7F28A0}
	EndGlobalSection
EndGlobal
